
Microsoft Visual Studio Solution File, Format Version 12.00
# Visual Studio Version 16
VisualStudioVersion = 16.0.30517.126
MinimumVisualStudioVersion = 10.0.40219.1
Project("{9A19103F-16F7-4668-BE54-9A1E7A4F7556}") = "Assignment4", "Assignment4.csproj", "{135128CF-FDCE-4318-9D86-EF3423451A23}"
EndProject
Global
	GlobalSection(SolutionConfigurationPlatforms) = preSolution
		Debug|Any CPU = Debug|Any CPU
		Release|Any CPU = Release|Any CPU
	EndGlobalSection
	GlobalSection(ProjectConfigurationPlatforms) = postSolution
		{135128CF-FDCE-4318-9D86-EF3423451A23}.Debug|Any CPU.ActiveCfg = Debug|Any CPU
		{135128CF-FDCE-4318-9D86-EF3423451A23}.Debug|Any CPU.Build.0 = Debug|Any CPU
		{135128CF-FDCE-4318-9D86-EF3423451A23}.Release|Any CPU.ActiveCfg = Release|Any CPU
		{135128CF-FDCE-4318-9D86-EF3423451A23}.Release|Any CPU.Build.0 = Release|Any CPU
	EndGlobalSection
	GlobalSection(SolutionProperties) = preSolution
		HideSolutionNode = FALSE
	EndGlobalSection
	GlobalSection(ExtensibilityGlobals) = postSolution
		SolutionGuid = {5685C0B0-9D4F-4C94-A7E9-C7FDA4908CD1}
	EndGlobalSection
EndGlobal
